// !$*UTF8*$!
{
	archiveVersion = 1;
	classes = {
	};
	objectVersion = 56;
	objects = {

/* Begin PBXFileReference section */
		295848A02BDF860300AFEF4C /* NGDimmableColor.cpp */ = {isa = PBXFileReference; lastKnownFileType = sourcecode.cpp.cpp; path = NGDimmableColor.cpp; sourceTree = "<group>"; };
		295848A12BDF860300AFEF4C /* NGDimmableColor.h */ = {isa = PBXFileReference; lastKnownFileType = sourcecode.c.h; path = NGDimmableColor.h; sourceTree = "<group>"; };
		295848A42BDFD71400AFEF4C /* dimmablecolor.ino */ = {isa = PBXFileReference; lastKnownFileType = text; path = dimmablecolor.ino; sourceTree = "<group>"; };
		296219B32C6A69E400F98A90 /* NGINotification.h */ = {isa = PBXFileReference; lastKnownFileType = sourcecode.c.h; path = NGINotification.h; sourceTree = "<group>"; };
		29D4C60A2AF3A698000DCE4F /* README.md */ = {isa = PBXFileReference; lastKnownFileType = net.daringfireball.markdown; path = README.md; sourceTree = "<group>"; };
		29D4C60B2AF3AB7A000DCE4F /* keywords.txt */ = {isa = PBXFileReference; lastKnownFileType = text; path = keywords.txt; sourceTree = "<group>"; };
		29D4C60C2AF3ABAE000DCE4F /* library.properties */ = {isa = PBXFileReference; lastKnownFileType = text; path = library.properties; sourceTree = "<group>"; };
		29D4C60D2AF3AC34000DCE4F /* LICENSE */ = {isa = PBXFileReference; lastKnownFileType = text; path = LICENSE; sourceTree = "<group>"; };
		29D4C6122AF3D85B000DCE4F /* NGCommon.h */ = {isa = PBXFileReference; lastKnownFileType = sourcecode.c.h; path = NGCommon.h; sourceTree = "<group>"; };
		29D4C6132AF3D85B000DCE4F /* NGCommon.cpp */ = {isa = PBXFileReference; lastKnownFileType = sourcecode.cpp.cpp; path = NGCommon.cpp; sourceTree = "<group>"; };
		29D4C6162AF400EC000DCE4F /* NGStrings.cpp */ = {isa = PBXFileReference; lastKnownFileType = sourcecode.cpp.cpp; path = NGStrings.cpp; sourceTree = "<group>"; };
		29D4C6172AF400EC000DCE4F /* NGStrings.h */ = {isa = PBXFileReference; lastKnownFileType = sourcecode.c.h; path = NGStrings.h; sourceTree = "<group>"; };
		29D4C6182AF403CD000DCE4F /* NGExceptionDefinitions.h */ = {isa = PBXFileReference; lastKnownFileType = sourcecode.c.h; path = NGExceptionDefinitions.h; sourceTree = "<group>"; };
		29D4C6192AF403CD000DCE4F /* NGITestableComponent.h */ = {isa = PBXFileReference; lastKnownFileType = sourcecode.c.h; path = NGITestableComponent.h; sourceTree = "<group>"; };
		29D4C61B2AF404F2000DCE4F /* ToDo.txt */ = {isa = PBXFileReference; lastKnownFileType = text; path = ToDo.txt; sourceTree = "<group>"; };
		29D4C61E2AF52D11000DCE4F /* NG8BitShiftRegister.cpp */ = {isa = PBXFileReference; lastKnownFileType = sourcecode.cpp.cpp; path = NG8BitShiftRegister.cpp; sourceTree = "<group>"; };
		29D4C61F2AF52D11000DCE4F /* NG8BitShiftRegister.h */ = {isa = PBXFileReference; lastKnownFileType = sourcecode.c.h; path = NG8BitShiftRegister.h; sourceTree = "<group>"; };
		29ED57EC2C613229003E3AE4 /* NGIEffect.h */ = {isa = PBXFileReference; lastKnownFileType = sourcecode.c.h; path = NGIEffect.h; sourceTree = "<group>"; };
		29ED57ED2C613286003E3AE4 /* NGSplash.cpp */ = {isa = PBXFileReference; lastKnownFileType = sourcecode.cpp.cpp; path = NGSplash.cpp; sourceTree = "<group>"; };
		29ED57EE2C613286003E3AE4 /* NGSplash.h */ = {isa = PBXFileReference; lastKnownFileType = sourcecode.c.h; path = NGSplash.h; sourceTree = "<group>"; };
		29F15E1E2BD51D4900F1E714 /* NGDefaultFont.cpp */ = {isa = PBXFileReference; lastKnownFileType = sourcecode.cpp.cpp; path = NGDefaultFont.cpp; sourceTree = "<group>"; };
		29F15E1F2BD51D4900F1E714 /* NGDefaultFont.h */ = {isa = PBXFileReference; lastKnownFileType = sourcecode.c.h; path = NGDefaultFont.h; sourceTree = "<group>"; };
		29F15E202BD52EC000F1E714 /* NGZX81Font.cpp */ = {isa = PBXFileReference; lastKnownFileType = sourcecode.cpp.cpp; path = NGZX81Font.cpp; sourceTree = "<group>"; };
		29F15E212BD52EC000F1E714 /* NGZX81Font.h */ = {isa = PBXFileReference; lastKnownFileType = sourcecode.c.h; path = NGZX81Font.h; sourceTree = "<group>"; };
		29F15E2A2BD97A7600F1E714 /* NGZXSpectrumFont.cpp */ = {isa = PBXFileReference; lastKnownFileType = sourcecode.cpp.cpp; path = NGZXSpectrumFont.cpp; sourceTree = "<group>"; };
		29F15E2B2BD97A7600F1E714 /* NGZXSpectrumFont.h */ = {isa = PBXFileReference; lastKnownFileType = sourcecode.c.h; path = NGZXSpectrumFont.h; sourceTree = "<group>"; };
		29F15E2D2BDA908800F1E714 /* NGCommonGraphics.cpp */ = {isa = PBXFileReference; lastKnownFileType = sourcecode.cpp.cpp; path = NGCommonGraphics.cpp; sourceTree = "<group>"; };
		29F15E2E2BDA908800F1E714 /* NGCommonGraphics.h */ = {isa = PBXFileReference; lastKnownFileType = sourcecode.c.h; path = NGCommonGraphics.h; sourceTree = "<group>"; };
		29F15E2F2BDBCF3C00F1E714 /* NGC64Font.cpp */ = {isa = PBXFileReference; lastKnownFileType = sourcecode.cpp.cpp; path = NGC64Font.cpp; sourceTree = "<group>"; };
		29F15E302BDBCF3C00F1E714 /* NGC64Font.h */ = {isa = PBXFileReference; lastKnownFileType = sourcecode.c.h; path = NGC64Font.h; sourceTree = "<group>"; };
		29FF6A552BD2DB5100EFE28A /* NGCustomFont.cpp */ = {isa = PBXFileReference; lastKnownFileType = sourcecode.cpp.cpp; path = NGCustomFont.cpp; sourceTree = "<group>"; };
		29FF6A562BD2DB5100EFE28A /* NGCustomFont.h */ = {isa = PBXFileReference; lastKnownFileType = sourcecode.c.h; path = NGCustomFont.h; sourceTree = "<group>"; };
/* End PBXFileReference section */

/* Begin PBXGroup section */
		295848A22BDFD6CB00AFEF4C /* examples */ = {
			isa = PBXGroup;
			children = (
				295848A32BDFD6E400AFEF4C /* dimmablecolor */,
			);
			path = examples;
			sourceTree = "<group>";
		};
		295848A32BDFD6E400AFEF4C /* dimmablecolor */ = {
			isa = PBXGroup;
			children = (
				295848A42BDFD71400AFEF4C /* dimmablecolor.ino */,
			);
			path = dimmablecolor;
			sourceTree = "<group>";
		};
		29D4C6032AF3A564000DCE4F = {
			isa = PBXGroup;
			children = (
				29D4C61A2AF404DB000DCE4F /* docs */,
				29D4C60C2AF3ABAE000DCE4F /* library.properties */,
				29D4C60D2AF3AC34000DCE4F /* LICENSE */,
				29D4C60A2AF3A698000DCE4F /* README.md */,
				29D4C60B2AF3AB7A000DCE4F /* keywords.txt */,
				295848A22BDFD6CB00AFEF4C /* examples */,
				29D4C60E2AF3AED7000DCE4F /* src */,
			);
			sourceTree = "<group>";
		};
		29D4C60E2AF3AED7000DCE4F /* src */ = {
			isa = PBXGroup;
			children = (
				29D4C60F2AF3AF16000DCE4F /* common */,
				29FF6A572BD3AA9700EFE28A /* fonts */,
				29F15E2C2BDA907400F1E714 /* graphics */,
				29D4C61D2AF52CCD000DCE4F /* misc */,
			);
			path = src;
			sourceTree = "<group>";
		};
		29D4C60F2AF3AF16000DCE4F /* common */ = {
			isa = PBXGroup;
			children = (
				29D4C6122AF3D85B000DCE4F /* NGCommon.h */,
				29D4C6132AF3D85B000DCE4F /* NGCommon.cpp */,
				29D4C6182AF403CD000DCE4F /* NGExceptionDefinitions.h */,
				296219B32C6A69E400F98A90 /* NGINotification.h */,
				29D4C6192AF403CD000DCE4F /* NGITestableComponent.h */,
				29ED57EE2C613286003E3AE4 /* NGSplash.h */,
				29ED57ED2C613286003E3AE4 /* NGSplash.cpp */,
				29D4C6172AF400EC000DCE4F /* NGStrings.h */,
				29D4C6162AF400EC000DCE4F /* NGStrings.cpp */,
			);
			name = common;
			sourceTree = "<group>";
		};
		29D4C61A2AF404DB000DCE4F /* docs */ = {
			isa = PBXGroup;
			children = (
				29D4C61B2AF404F2000DCE4F /* ToDo.txt */,
			);
			path = docs;
			sourceTree = "<group>";
		};
		29D4C61D2AF52CCD000DCE4F /* misc */ = {
			isa = PBXGroup;
			children = (
				29D4C61F2AF52D11000DCE4F /* NG8BitShiftRegister.h */,
				29D4C61E2AF52D11000DCE4F /* NG8BitShiftRegister.cpp */,
			);
			name = misc;
			sourceTree = "<group>";
		};
		29F15E2C2BDA907400F1E714 /* graphics */ = {
			isa = PBXGroup;
			children = (
				29F15E2E2BDA908800F1E714 /* NGCommonGraphics.h */,
				29F15E2D2BDA908800F1E714 /* NGCommonGraphics.cpp */,
				295848A12BDF860300AFEF4C /* NGDimmableColor.h */,
				295848A02BDF860300AFEF4C /* NGDimmableColor.cpp */,
				29ED57EC2C613229003E3AE4 /* NGIEffect.h */,
			);
			name = graphics;
			sourceTree = "<group>";
		};
		29FF6A572BD3AA9700EFE28A /* fonts */ = {
			isa = PBXGroup;
			children = (
				29FF6A562BD2DB5100EFE28A /* NGCustomFont.h */,
				29FF6A552BD2DB5100EFE28A /* NGCustomFont.cpp */,
				29F15E302BDBCF3C00F1E714 /* NGC64Font.h */,
				29F15E2F2BDBCF3C00F1E714 /* NGC64Font.cpp */,
				29F15E1F2BD51D4900F1E714 /* NGDefaultFont.h */,
				29F15E1E2BD51D4900F1E714 /* NGDefaultFont.cpp */,
				29F15E212BD52EC000F1E714 /* NGZX81Font.h */,
				29F15E202BD52EC000F1E714 /* NGZX81Font.cpp */,
				29F15E2B2BD97A7600F1E714 /* NGZXSpectrumFont.h */,
				29F15E2A2BD97A7600F1E714 /* NGZXSpectrumFont.cpp */,
			);
			name = fonts;
			sourceTree = "<group>";
		};
/* End PBXGroup section */

/* Begin PBXProject section */
		29D4C6042AF3A564000DCE4F /* Project object */ = {
			isa = PBXProject;
			attributes = {
				BuildIndependentTargetsInParallel = 1;
				LastUpgradeCheck = 1500;
			};
			buildConfigurationList = 29D4C6072AF3A564000DCE4F /* Build configuration list for PBXProject "NGEngineCore" */;
			compatibilityVersion = "Xcode 14.0";
			developmentRegion = en;
			hasScannedForEncodings = 0;
			knownRegions = (
				en,
				Base,
			);
			mainGroup = 29D4C6032AF3A564000DCE4F;
			projectDirPath = "";
			projectRoot = "";
			targets = (
			);
		};
/* End PBXProject section */

/* Begin XCBuildConfiguration section */
		29D4C6082AF3A564000DCE4F /* Debug */ = {
			isa = XCBuildConfiguration;
			buildSettings = {
			};
			name = Debug;
		};
		29D4C6092AF3A564000DCE4F /* Release */ = {
			isa = XCBuildConfiguration;
			buildSettings = {
			};
			name = Release;
		};
/* End XCBuildConfiguration section */

/* Begin XCConfigurationList section */
		29D4C6072AF3A564000DCE4F /* Build configuration list for PBXProject "NGEngineCore" */ = {
			isa = XCConfigurationList;
			buildConfigurations = (
				29D4C6082AF3A564000DCE4F /* Debug */,
				29D4C6092AF3A564000DCE4F /* Release */,
			);
			defaultConfigurationIsVisible = 0;
			defaultConfigurationName = Release;
		};
/* End XCConfigurationList section */
	};
	rootObject = 29D4C6042AF3A564000DCE4F /* Project object */;
}
