// !$*UTF8*$!
{
	archiveVersion = 1;
	classes = {
	};
	objectVersion = 56;
	objects = {

/* Begin PBXFileReference section */
		29D4C60A2AF3A698000DCE4F /* README.md */ = {isa = PBXFileReference; lastKnownFileType = net.daringfireball.markdown; path = README.md; sourceTree = "<group>"; };
		29D4C60B2AF3AB7A000DCE4F /* keywords.txt */ = {isa = PBXFileReference; lastKnownFileType = text; path = keywords.txt; sourceTree = "<group>"; };
		29D4C60C2AF3ABAE000DCE4F /* library.properties */ = {isa = PBXFileReference; lastKnownFileType = text; path = library.properties; sourceTree = "<group>"; };
		29D4C60D2AF3AC34000DCE4F /* LICENSE */ = {isa = PBXFileReference; lastKnownFileType = text; path = LICENSE; sourceTree = "<group>"; };
/* End PBXFileReference section */

/* Begin PBXGroup section */
		29D4C6032AF3A564000DCE4F = {
			isa = PBXGroup;
			children = (
				29D4C60D2AF3AC34000DCE4F /* LICENSE */,
				29D4C60C2AF3ABAE000DCE4F /* library.properties */,
				29D4C60B2AF3AB7A000DCE4F /* keywords.txt */,
				29D4C60A2AF3A698000DCE4F /* README.md */,
			);
			sourceTree = "<group>";
		};
/* End PBXGroup section */

/* Begin PBXProject section */
		29D4C6042AF3A564000DCE4F /* Project object */ = {
			isa = PBXProject;
			attributes = {
				BuildIndependentTargetsInParallel = 1;
				LastUpgradeCheck = 1500;
			};
			buildConfigurationList = 29D4C6072AF3A564000DCE4F /* Build configuration list for PBXProject "NGEngineCore" */;
			compatibilityVersion = "Xcode 14.0";
			developmentRegion = en;
			hasScannedForEncodings = 0;
			knownRegions = (
				en,
				Base,
			);
			mainGroup = 29D4C6032AF3A564000DCE4F;
			projectDirPath = "";
			projectRoot = "";
			targets = (
			);
		};
/* End PBXProject section */

/* Begin XCBuildConfiguration section */
		29D4C6082AF3A564000DCE4F /* Debug */ = {
			isa = XCBuildConfiguration;
			buildSettings = {
			};
			name = Debug;
		};
		29D4C6092AF3A564000DCE4F /* Release */ = {
			isa = XCBuildConfiguration;
			buildSettings = {
			};
			name = Release;
		};
/* End XCBuildConfiguration section */

/* Begin XCConfigurationList section */
		29D4C6072AF3A564000DCE4F /* Build configuration list for PBXProject "NGEngineCore" */ = {
			isa = XCConfigurationList;
			buildConfigurations = (
				29D4C6082AF3A564000DCE4F /* Debug */,
				29D4C6092AF3A564000DCE4F /* Release */,
			);
			defaultConfigurationIsVisible = 0;
			defaultConfigurationName = Release;
		};
/* End XCConfigurationList section */
	};
	rootObject = 29D4C6042AF3A564000DCE4F /* Project object */;
}
